
Microsoft Visual Studio Solution File, Format Version 12.00
# Visual Studio 15
VisualStudioVersion = 15.0.27130.2026
MinimumVisualStudioVersion = 10.0.40219.1
Project("{FAE04EC0-301F-11D3-BF4B-00C04F79EFBC}") = "cal", "cal\cal.csproj", "{AC2C545E-4790-4045-8DE7-C303E4D1A357}"
EndProject
Global
	GlobalSection(SolutionConfigurationPlatforms) = preSolution
		Debug|Any CPU = Debug|Any CPU
		Release|Any CPU = Release|Any CPU
	EndGlobalSection
	GlobalSection(ProjectConfigurationPlatforms) = postSolution
		{AC2C545E-4790-4045-8DE7-C303E4D1A357}.Debug|Any CPU.ActiveCfg = Debug|Any CPU
		{AC2C545E-4790-4045-8DE7-C303E4D1A357}.Debug|Any CPU.Build.0 = Debug|Any CPU
		{AC2C545E-4790-4045-8DE7-C303E4D1A357}.Release|Any CPU.ActiveCfg = Release|Any CPU
		{AC2C545E-4790-4045-8DE7-C303E4D1A357}.Release|Any CPU.Build.0 = Release|Any CPU
	EndGlobalSection
	GlobalSection(SolutionProperties) = preSolution
		HideSolutionNode = FALSE
	EndGlobalSection
	GlobalSection(ExtensibilityGlobals) = postSolution
		SolutionGuid = {48DC11E9-F477-45EC-B15D-97564F7075D2}
	EndGlobalSection
EndGlobal
